
Microsoft Visual Studio Solution File, Format Version 12.00
# Visual Studio Version 17
VisualStudioVersion = 17.6.33723.286
MinimumVisualStudioVersion = 10.0.40219.1
Project("{FAE04EC0-301F-11D3-BF4B-00C04F79EFBC}") = "MDI", "MDI\MDI.csproj", "{DB9AE947-440A-47A2-A526-ACDEE7AD5703}"
EndProject
Global
	GlobalSection(SolutionConfigurationPlatforms) = preSolution
		Debug|Any CPU = Debug|Any CPU
		Release|Any CPU = Release|Any CPU
	EndGlobalSection
	GlobalSection(ProjectConfigurationPlatforms) = postSolution
		{DB9AE947-440A-47A2-A526-ACDEE7AD5703}.Debug|Any CPU.ActiveCfg = Debug|Any CPU
		{DB9AE947-440A-47A2-A526-ACDEE7AD5703}.Debug|Any CPU.Build.0 = Debug|Any CPU
		{DB9AE947-440A-47A2-A526-ACDEE7AD5703}.Release|Any CPU.ActiveCfg = Release|Any CPU
		{DB9AE947-440A-47A2-A526-ACDEE7AD5703}.Release|Any CPU.Build.0 = Release|Any CPU
	EndGlobalSection
	GlobalSection(SolutionProperties) = preSolution
		HideSolutionNode = FALSE
	EndGlobalSection
	GlobalSection(ExtensibilityGlobals) = postSolution
		SolutionGuid = {771B6D17-DE91-4D8D-B92F-A5F9798B126E}
	EndGlobalSection
EndGlobal
